// !$*UTF8*$!
{
	archiveVersion = 1;
	classes = {
	};
	objectVersion = 50;
	objects = {

/* Begin PBXBuildFile section */
		DA8A520A256E4C9200FDF5E8 /* AppDelegate.swift in Sources */ = {isa = PBXBuildFile; fileRef = DA8A5209256E4C9200FDF5E8 /* AppDelegate.swift */; };
		DA8A520C256E4C9200FDF5E8 /* SceneDelegate.swift in Sources */ = {isa = PBXBuildFile; fileRef = DA8A520B256E4C9200FDF5E8 /* SceneDelegate.swift */; };
		DA8A520E256E4C9200FDF5E8 /* ViewController.swift in Sources */ = {isa = PBXBuildFile; fileRef = DA8A520D256E4C9200FDF5E8 /* ViewController.swift */; };
		DA8A5211256E4C9200FDF5E8 /* Main.storyboard in Resources */ = {isa = PBXBuildFile; fileRef = DA8A520F256E4C9200FDF5E8 /* Main.storyboard */; };
		DA8A5213256E4C9600FDF5E8 /* Assets.xcassets in Resources */ = {isa = PBXBuildFile; fileRef = DA8A5212256E4C9600FDF5E8 /* Assets.xcassets */; };
		DA8A5216256E4C9600FDF5E8 /* LaunchScreen.storyboard in Resources */ = {isa = PBXBuildFile; fileRef = DA8A5214256E4C9600FDF5E8 /* LaunchScreen.storyboard */; };
		DA8A521E256E4CB800FDF5E8 /* ClaimService.swift in Sources */ = {isa = PBXBuildFile; fileRef = DA8A521D256E4CB800FDF5E8 /* ClaimService.swift */; };
/* End PBXBuildFile section */

/* Begin PBXFileReference section */
		DA8A5206256E4C9200FDF5E8 /* ClaimClient.app */ = {isa = PBXFileReference; explicitFileType = wrapper.application; includeInIndex = 0; path = ClaimClient.app; sourceTree = BUILT_PRODUCTS_DIR; };
		DA8A5209256E4C9200FDF5E8 /* AppDelegate.swift */ = {isa = PBXFileReference; lastKnownFileType = sourcecode.swift; path = AppDelegate.swift; sourceTree = "<group>"; };
		DA8A520B256E4C9200FDF5E8 /* SceneDelegate.swift */ = {isa = PBXFileReference; lastKnownFileType = sourcecode.swift; path = SceneDelegate.swift; sourceTree = "<group>"; };
		DA8A520D256E4C9200FDF5E8 /* ViewController.swift */ = {isa = PBXFileReference; lastKnownFileType = sourcecode.swift; path = ViewController.swift; sourceTree = "<group>"; };
		DA8A5210256E4C9200FDF5E8 /* Base */ = {isa = PBXFileReference; lastKnownFileType = file.storyboard; name = Base; path = Base.lproj/Main.storyboard; sourceTree = "<group>"; };
		DA8A5212256E4C9600FDF5E8 /* Assets.xcassets */ = {isa = PBXFileReference; lastKnownFileType = folder.assetcatalog; path = Assets.xcassets; sourceTree = "<group>"; };
		DA8A5215256E4C9600FDF5E8 /* Base */ = {isa = PBXFileReference; lastKnownFileType = file.storyboard; name = Base; path = Base.lproj/LaunchScreen.storyboard; sourceTree = "<group>"; };
		DA8A5217256E4C9600FDF5E8 /* Info.plist */ = {isa = PBXFileReference; lastKnownFileType = text.plist.xml; path = Info.plist; sourceTree = "<group>"; };
		DA8A521D256E4CB800FDF5E8 /* ClaimService.swift */ = {isa = PBXFileReference; lastKnownFileType = sourcecode.swift; path = ClaimService.swift; sourceTree = "<group>"; };
/* End PBXFileReference section */

/* Begin PBXFrameworksBuildPhase section */
		DA8A5203256E4C9200FDF5E8 /* Frameworks */ = {
			isa = PBXFrameworksBuildPhase;
			buildActionMask = 2147483647;
			files = (
			);
			runOnlyForDeploymentPostprocessing = 0;
		};
/* End PBXFrameworksBuildPhase section */

/* Begin PBXGroup section */
		DA8A51FD256E4C9200FDF5E8 = {
			isa = PBXGroup;
			children = (
				DA8A5208256E4C9200FDF5E8 /* ClaimClient */,
				DA8A5207256E4C9200FDF5E8 /* Products */,
			);
			sourceTree = "<group>";
		};
		DA8A5207256E4C9200FDF5E8 /* Products */ = {
			isa = PBXGroup;
			children = (
				DA8A5206256E4C9200FDF5E8 /* ClaimClient.app */,
			);
			name = Products;
			sourceTree = "<group>";
		};
		DA8A5208256E4C9200FDF5E8 /* ClaimClient */ = {
			isa = PBXGroup;
			children = (
				DA8A5209256E4C9200FDF5E8 /* AppDelegate.swift */,
				DA8A521D256E4CB800FDF5E8 /* ClaimService.swift */,
				DA8A520B256E4C9200FDF5E8 /* SceneDelegate.swift */,
				DA8A520D256E4C9200FDF5E8 /* ViewController.swift */,
				DA8A520F256E4C9200FDF5E8 /* Main.storyboard */,
				DA8A5212256E4C9600FDF5E8 /* Assets.xcassets */,
				DA8A5214256E4C9600FDF5E8 /* LaunchScreen.storyboard */,
				DA8A5217256E4C9600FDF5E8 /* Info.plist */,
			);
			path = ClaimClient;
			sourceTree = "<group>";
		};
/* End PBXGroup section */

/* Begin PBXNativeTarget section */
		DA8A5205256E4C9200FDF5E8 /* ClaimClient */ = {
			isa = PBXNativeTarget;
			buildConfigurationList = DA8A521A256E4C9600FDF5E8 /* Build configuration list for PBXNativeTarget "ClaimClient" */;
			buildPhases = (
				DA8A5202256E4C9200FDF5E8 /* Sources */,
				DA8A5203256E4C9200FDF5E8 /* Frameworks */,
				DA8A5204256E4C9200FDF5E8 /* Resources */,
			);
			buildRules = (
			);
			dependencies = (
			);
			name = ClaimClient;
			productName = ClaimClient;
			productReference = DA8A5206256E4C9200FDF5E8 /* ClaimClient.app */;
			productType = "com.apple.product-type.application";
		};
/* End PBXNativeTarget section */

/* Begin PBXProject section */
		DA8A51FE256E4C9200FDF5E8 /* Project object */ = {
			isa = PBXProject;
			attributes = {
				LastSwiftUpdateCheck = 1170;
				LastUpgradeCheck = 1170;
				ORGANIZATIONNAME = "Justin Poblete";
				TargetAttributes = {
					DA8A5205256E4C9200FDF5E8 = {
						CreatedOnToolsVersion = 11.7;
					};
				};
			};
			buildConfigurationList = DA8A5201256E4C9200FDF5E8 /* Build configuration list for PBXProject "ClaimClient" */;
			compatibilityVersion = "Xcode 9.3";
			developmentRegion = en;
			hasScannedForEncodings = 0;
			knownRegions = (
				en,
				Base,
			);
			mainGroup = DA8A51FD256E4C9200FDF5E8;
			productRefGroup = DA8A5207256E4C9200FDF5E8 /* Products */;
			projectDirPath = "";
			projectRoot = "";
			targets = (
				DA8A5205256E4C9200FDF5E8 /* ClaimClient */,
			);
		};
/* End PBXProject section */

/* Begin PBXResourcesBuildPhase section */
		DA8A5204256E4C9200FDF5E8 /* Resources */ = {
			isa = PBXResourcesBuildPhase;
			buildActionMask = 2147483647;
			files = (
				DA8A5216256E4C9600FDF5E8 /* LaunchScreen.storyboard in Resources */,
				DA8A5213256E4C9600FDF5E8 /* Assets.xcassets in Resources */,
				DA8A5211256E4C9200FDF5E8 /* Main.storyboard in Resources */,
			);
			runOnlyForDeploymentPostprocessing = 0;
		};
/* End PBXResourcesBuildPhase section */

/* Begin PBXSourcesBuildPhase section */
		DA8A5202256E4C9200FDF5E8 /* Sources */ = {
			isa = PBXSourcesBuildPhase;
			buildActionMask = 2147483647;
			files = (
				DA8A521E256E4CB800FDF5E8 /* ClaimService.swift in Sources */,
				DA8A520E256E4C9200FDF5E8 /* ViewController.swift in Sources */,
				DA8A520A256E4C9200FDF5E8 /* AppDelegate.swift in Sources */,
				DA8A520C256E4C9200FDF5E8 /* SceneDelegate.swift in Sources */,
			);
			runOnlyForDeploymentPostprocessing = 0;
		};
/* End PBXSourcesBuildPhase section */

/* Begin PBXVariantGroup section */
		DA8A520F256E4C9200FDF5E8 /* Main.storyboard */ = {
			isa = PBXVariantGroup;
			children = (
				DA8A5210256E4C9200FDF5E8 /* Base */,
			);
			name = Main.storyboard;
			sourceTree = "<group>";
		};
		DA8A5214256E4C9600FDF5E8 /* LaunchScreen.storyboard */ = {
			isa = PBXVariantGroup;
			children = (
				DA8A5215256E4C9600FDF5E8 /* Base */,
			);
			name = LaunchScreen.storyboard;
			sourceTree = "<group>";
		};
/* End PBXVariantGroup section */

/* Begin XCBuildConfiguration section */
		DA8A5218256E4C9600FDF5E8 /* Debug */ = {
			isa = XCBuildConfiguration;
			buildSettings = {
				ALWAYS_SEARCH_USER_PATHS = NO;
				CLANG_ANALYZER_NONNULL = YES;
				CLANG_ANALYZER_NUMBER_OBJECT_CONVERSION = YES_AGGRESSIVE;
				CLANG_CXX_LANGUAGE_STANDARD = "gnu++14";
				CLANG_CXX_LIBRARY = "libc++";
				CLANG_ENABLE_MODULES = YES;
				CLANG_ENABLE_OBJC_ARC = YES;
				CLANG_ENABLE_OBJC_WEAK = YES;
				CLANG_WARN_BLOCK_CAPTURE_AUTORELEASING = YES;
				CLANG_WARN_BOOL_CONVERSION = YES;
				CLANG_WARN_COMMA = YES;
				CLANG_WARN_CONSTANT_CONVERSION = YES;
				CLANG_WARN_DEPRECATED_OBJC_IMPLEMENTATIONS = YES;
				CLANG_WARN_DIRECT_OBJC_ISA_USAGE = YES_ERROR;
				CLANG_WARN_DOCUMENTATION_COMMENTS = YES;
				CLANG_WARN_EMPTY_BODY = YES;
				CLANG_WARN_ENUM_CONVERSION = YES;
				CLANG_WARN_INFINITE_RECURSION = YES;
				CLANG_WARN_INT_CONVERSION = YES;
				CLANG_WARN_NON_LITERAL_NULL_CONVERSION = YES;
				CLANG_WARN_OBJC_IMPLICIT_RETAIN_SELF = YES;
				CLANG_WARN_OBJC_LITERAL_CONVERSION = YES;
				CLANG_WARN_OBJC_ROOT_CLASS = YES_ERROR;
				CLANG_WARN_RANGE_LOOP_ANALYSIS = YES;
				CLANG_WARN_STRICT_PROTOTYPES = YES;
				CLANG_WARN_SUSPICIOUS_MOVE = YES;
				CLANG_WARN_UNGUARDED_AVAILABILITY = YES_AGGRESSIVE;
				CLANG_WARN_UNREACHABLE_CODE = YES;
				CLANG_WARN__DUPLICATE_METHOD_MATCH = YES;
				COPY_PHASE_STRIP = NO;
				DEBUG_INFORMATION_FORMAT = dwarf;
				ENABLE_STRICT_OBJC_MSGSEND = YES;
				ENABLE_TESTABILITY = YES;
				GCC_C_LANGUAGE_STANDARD = gnu11;
				GCC_DYNAMIC_NO_PIC = NO;
				GCC_NO_COMMON_BLOCKS = YES;
				GCC_OPTIMIZATION_LEVEL = 0;
				GCC_PREPROCESSOR_DEFINITIONS = (
					"DEBUG=1",
					"$(inherited)",
				);
				GCC_WARN_64_TO_32_BIT_CONVERSION = YES;
				GCC_WARN_ABOUT_RETURN_TYPE = YES_ERROR;
				GCC_WARN_UNDECLARED_SELECTOR = YES;
				GCC_WARN_UNINITIALIZED_AUTOS = YES_AGGRESSIVE;
				GCC_WARN_UNUSED_FUNCTION = YES;
				GCC_WARN_UNUSED_VARIABLE = YES;
				IPHONEOS_DEPLOYMENT_TARGET = 13.7;
				MTL_ENABLE_DEBUG_INFO = INCLUDE_SOURCE;
				MTL_FAST_MATH = YES;
				ONLY_ACTIVE_ARCH = YES;
				SDKROOT = iphoneos;
				SWIFT_ACTIVE_COMPILATION_CONDITIONS = DEBUG;
				SWIFT_OPTIMIZATION_LEVEL = "-Onone";
			};
			name = Debug;
		};
		DA8A5219256E4C9600FDF5E8 /* Release */ = {
			isa = XCBuildConfiguration;
			buildSettings = {
				ALWAYS_SEARCH_USER_PATHS = NO;
				CLANG_ANALYZER_NONNULL = YES;
				CLANG_ANALYZER_NUMBER_OBJECT_CONVERSION = YES_AGGRESSIVE;
				CLANG_CXX_LANGUAGE_STANDARD = "gnu++14";
				CLANG_CXX_LIBRARY = "libc++";
				CLANG_ENABLE_MODULES = YES;
				CLANG_ENABLE_OBJC_ARC = YES;
				CLANG_ENABLE_OBJC_WEAK = YES;
				CLANG_WARN_BLOCK_CAPTURE_AUTORELEASING = YES;
				CLANG_WARN_BOOL_CONVERSION = YES;
				CLANG_WARN_COMMA = YES;
				CLANG_WARN_CONSTANT_CONVERSION = YES;
				CLANG_WARN_DEPRECATED_OBJC_IMPLEMENTATIONS = YES;
				CLANG_WARN_DIRECT_OBJC_ISA_USAGE = YES_ERROR;
				CLANG_WARN_DOCUMENTATION_COMMENTS = YES;
				CLANG_WARN_EMPTY_BODY = YES;
				CLANG_WARN_ENUM_CONVERSION = YES;
				CLANG_WARN_INFINITE_RECURSION = YES;
				CLANG_WARN_INT_CONVERSION = YES;
				CLANG_WARN_NON_LITERAL_NULL_CONVERSION = YES;
				CLANG_WARN_OBJC_IMPLICIT_RETAIN_SELF = YES;
				CLANG_WARN_OBJC_LITERAL_CONVERSION = YES;
				CLANG_WARN_OBJC_ROOT_CLASS = YES_ERROR;
				CLANG_WARN_RANGE_LOOP_ANALYSIS = YES;
				CLANG_WARN_STRICT_PROTOTYPES = YES;
				CLANG_WARN_SUSPICIOUS_MOVE = YES;
				CLANG_WARN_UNGUARDED_AVAILABILITY = YES_AGGRESSIVE;
				CLANG_WARN_UNREACHABLE_CODE = YES;
				CLANG_WARN__DUPLICATE_METHOD_MATCH = YES;
				COPY_PHASE_STRIP = NO;
				DEBUG_INFORMATION_FORMAT = "dwarf-with-dsym";
				ENABLE_NS_ASSERTIONS = NO;
				ENABLE_STRICT_OBJC_MSGSEND = YES;
				GCC_C_LANGUAGE_STANDARD = gnu11;
				GCC_NO_COMMON_BLOCKS = YES;
				GCC_WARN_64_TO_32_BIT_CONVERSION = YES;
				GCC_WARN_ABOUT_RETURN_TYPE = YES_ERROR;
				GCC_WARN_UNDECLARED_SELECTOR = YES;
				GCC_WARN_UNINITIALIZED_AUTOS = YES_AGGRESSIVE;
				GCC_WARN_UNUSED_FUNCTION = YES;
				GCC_WARN_UNUSED_VARIABLE = YES;
				IPHONEOS_DEPLOYMENT_TARGET = 13.7;
				MTL_ENABLE_DEBUG_INFO = NO;
				MTL_FAST_MATH = YES;
				SDKROOT = iphoneos;
				SWIFT_COMPILATION_MODE = wholemodule;
				SWIFT_OPTIMIZATION_LEVEL = "-O";
				VALIDATE_PRODUCT = YES;
			};
			name = Release;
		};
		DA8A521B256E4C9600FDF5E8 /* Debug */ = {
			isa = XCBuildConfiguration;
			buildSettings = {
				ASSETCATALOG_COMPILER_APPICON_NAME = AppIcon;
				CODE_SIGN_STYLE = Automatic;
				INFOPLIST_FILE = ClaimClient/Info.plist;
				LD_RUNPATH_SEARCH_PATHS = (
					"$(inherited)",
					"@executable_path/Frameworks",
				);
				PRODUCT_BUNDLE_IDENTIFIER = org.fullerton.cpsc411.ClaimClient;
				PRODUCT_NAME = "$(TARGET_NAME)";
				SWIFT_VERSION = 5.0;
				TARGETED_DEVICE_FAMILY = "1,2";
			};
			name = Debug;
		};
		DA8A521C256E4C9600FDF5E8 /* Release */ = {
			isa = XCBuildConfiguration;
			buildSettings = {
				ASSETCATALOG_COMPILER_APPICON_NAME = AppIcon;
				CODE_SIGN_STYLE = Automatic;
				INFOPLIST_FILE = ClaimClient/Info.plist;
				LD_RUNPATH_SEARCH_PATHS = (
					"$(inherited)",
					"@executable_path/Frameworks",
				);
				PRODUCT_BUNDLE_IDENTIFIER = org.fullerton.cpsc411.ClaimClient;
				PRODUCT_NAME = "$(TARGET_NAME)";
				SWIFT_VERSION = 5.0;
				TARGETED_DEVICE_FAMILY = "1,2";
			};
			name = Release;
		};
/* End XCBuildConfiguration section */

/* Begin XCConfigurationList section */
		DA8A5201256E4C9200FDF5E8 /* Build configuration list for PBXProject "ClaimClient" */ = {
			isa = XCConfigurationList;
			buildConfigurations = (
				DA8A5218256E4C9600FDF5E8 /* Debug */,
				DA8A5219256E4C9600FDF5E8 /* Release */,
			);
			defaultConfigurationIsVisible = 0;
			defaultConfigurationName = Release;
		};
		DA8A521A256E4C9600FDF5E8 /* Build configuration list for PBXNativeTarget "ClaimClient" */ = {
			isa = XCConfigurationList;
			buildConfigurations = (
				DA8A521B256E4C9600FDF5E8 /* Debug */,
				DA8A521C256E4C9600FDF5E8 /* Release */,
			);
			defaultConfigurationIsVisible = 0;
			defaultConfigurationName = Release;
		};
/* End XCConfigurationList section */
	};
	rootObject = DA8A51FE256E4C9200FDF5E8 /* Project object */;
}
